{
  "version": "5",
  "specifiers": {
    "jsr:@gnome/chars@0.2": "0.2.0",
    "jsr:@gnome/debug@^0.0.0": "0.0.0",
    "jsr:@gnome/env@0.4": "0.4.0",
    "jsr:@gnome/errors@0.3": "0.3.0",
    "jsr:@gnome/errors@^0.0.0": "0.0.0",
    "jsr:@gnome/exec@0.6": "0.6.0",
    "jsr:@gnome/fmt@^0.0.0": "0.0.0",
    "jsr:@gnome/fs@0.3": "0.3.0",
    "jsr:@gnome/os-constants@0.2": "0.2.0",
    "jsr:@gnome/process@^0.0.0": "0.0.0",
    "jsr:@gnome/runtime-constants@0.2": "0.2.0",
    "jsr:@gnome/runtime-info@0.1": "0.1.0",
    "jsr:@gnome/slices@^0.0.0": "0.0.0",
    "jsr:@gnome/strings@0.3": "0.3.0",
    "jsr:@std/assert@0.226": "0.226.0",
    "jsr:@std/assert@^1.0.13": "1.0.13",
    "jsr:@std/data-structures@^1.0.8": "1.0.8",
    "jsr:@std/encoding@~0.224.3": "0.224.3",
    "jsr:@std/fs@^1.0.18": "1.0.18",
    "jsr:@std/internal@1": "1.0.8",
    "jsr:@std/internal@^1.0.1": "1.0.1",
    "jsr:@std/internal@^1.0.6": "1.0.8",
    "jsr:@std/internal@^1.0.8": "1.0.8",
    "jsr:@std/path@^1.1.0": "1.1.0",
    "jsr:@std/path@~0.225.2": "0.225.2",
    "jsr:@std/testing@^1.0.14": "1.0.14",
    "npm:@types/node@*": "18.16.19",
    "npm:fs-ext@2.0.0": "2.0.0"
  },
  "jsr": {
    "@gnome/chars@0.2.0": {
      "integrity": "3ec89a3ac96d79c5d562bd711c70e1eb25036e097c28934ba3c674f847111c56"
    },
    "@gnome/debug@0.0.0": {
      "integrity": "ae8d365c05b2d1c9f69abbe501d31628d4b3172043c00179a0bc9af4f49cafe7",
      "dependencies": [
        "jsr:@gnome/fmt"
      ]
    },
    "@gnome/env@0.4.0": {
      "integrity": "8fb1272cdeaafa42b82456c8c70cbe2c0e63e174af3afc2befd5877caccd95ae",
      "dependencies": [
        "jsr:@gnome/chars",
        "jsr:@gnome/runtime-info",
        "jsr:@gnome/strings",
        "jsr:@std/encoding"
      ]
    },
    "@gnome/errors@0.0.0": {
      "integrity": "d288a695ea6f368082435382245d69366a26ebae707a78fc573eb6996c55185e"
    },
    "@gnome/errors@0.3.0": {
      "integrity": "89741eac97cd1c70e37eefcfc08a0e650d9c09db03fc86bc1cb7a517a1cb6871"
    },
    "@gnome/exec@0.6.0": {
      "integrity": "bcdab5c5e1c73323fbfdb9725c551916e885c07f4a097341e49d0726925c89fb",
      "dependencies": [
        "jsr:@gnome/env",
        "jsr:@gnome/errors@0.3",
        "jsr:@gnome/fs",
        "jsr:@gnome/os-constants",
        "jsr:@gnome/strings",
        "jsr:@std/path@~0.225.2"
      ]
    },
    "@gnome/fmt@0.0.0": {
      "integrity": "e8b05f23945c09919a92156453b5007a28b4b3ad0982dd862179d4fd1450c740",
      "dependencies": [
        "jsr:@gnome/process"
      ]
    },
    "@gnome/fs@0.3.0": {
      "integrity": "e80831ad42ff467d2727b71f601ae1d10b0f6f8b077e7c656c640d87296c2572",
      "dependencies": [
        "jsr:@gnome/debug",
        "jsr:@gnome/errors@^0.0.0",
        "jsr:@gnome/runtime-info",
        "jsr:@std/path@~0.225.2",
        "npm:fs-ext"
      ]
    },
    "@gnome/os-constants@0.2.0": {
      "integrity": "98ac8b1399efa973d4cc4de35bfcfb3f53e39ed82ceed31134878bc2c28ecc5b",
      "dependencies": [
        "jsr:@gnome/runtime-constants"
      ]
    },
    "@gnome/process@0.0.0": {
      "integrity": "25e061bae420a60ded858982f2e568f8d5c9298514bd9bccb0a58aa41e0dbf8b"
    },
    "@gnome/runtime-constants@0.2.0": {
      "integrity": "f49208fffa8fa4eae04f1381cfc8e5e536b60eba37f2ec00dd4499b7a221aabd"
    },
    "@gnome/runtime-info@0.1.0": {
      "integrity": "d27fcbde87a9ac1769f3a3b79d27d970e8788f8d0cbb5fdc99bd81826060c987"
    },
    "@gnome/slices@0.0.0": {
      "integrity": "b34d87b04a2bd096a28dd68a24772fd3870513a80fc0d9f083c95c1130b74a23",
      "dependencies": [
        "jsr:@gnome/chars",
        "jsr:@gnome/errors@0.3",
        "jsr:@gnome/fmt",
        "jsr:@gnome/runtime-info"
      ]
    },
    "@gnome/strings@0.3.0": {
      "integrity": "4e495093dd4b992d1ff67e319cf6f6ab536b8adb61261bd64014d1c5ffa4a897",
      "dependencies": [
        "jsr:@gnome/chars",
        "jsr:@gnome/slices"
      ]
    },
    "@std/assert@0.226.0": {
      "integrity": "0dfb5f7c7723c18cec118e080fec76ce15b4c31154b15ad2bd74822603ef75b3"
    },
    "@std/assert@1.0.13": {
      "integrity": "ae0d31e41919b12c656c742b22522c32fb26ed0cba32975cb0de2a273cb68b29",
      "dependencies": [
        "jsr:@std/internal@^1.0.6"
      ]
    },
    "@std/data-structures@1.0.8": {
      "integrity": "2fb7219247e044c8fcd51341788547575653c82ae2c759ff209e0263ba7d9b66"
    },
    "@std/encoding@0.224.3": {
      "integrity": "5e861b6d81be5359fad4155e591acf17c0207b595112d1840998bb9f476dbdaf"
    },
    "@std/fs@1.0.18": {
      "integrity": "24bcad99eab1af4fde75e05da6e9ed0e0dce5edb71b7e34baacf86ffe3969f3a",
      "dependencies": [
        "jsr:@std/path@^1.1.0"
      ]
    },
    "@std/internal@1.0.1": {
      "integrity": "6f8c7544d06a11dd256c8d6ba54b11ed870aac6c5aeafff499892662c57673e6"
    },
    "@std/internal@1.0.8": {
      "integrity": "fc66e846d8d38a47cffd274d80d2ca3f0de71040f855783724bb6b87f60891f5"
    },
    "@std/path@0.225.2": {
      "integrity": "0f2db41d36b50ef048dcb0399aac720a5348638dd3cb5bf80685bf2a745aa506",
      "dependencies": [
        "jsr:@std/assert@0.226"
      ]
    },
    "@std/path@1.1.0": {
      "integrity": "ddc94f8e3c275627281cbc23341df6b8bcc874d70374f75fec2533521e3d6886"
    },
    "@std/testing@1.0.14": {
      "integrity": "144b3737105b9071cb50c957681f58a1b8ec0f3e5b19ad830f401c5fa931e8f0",
      "dependencies": [
        "jsr:@std/assert@^1.0.13",
        "jsr:@std/data-structures",
        "jsr:@std/fs",
        "jsr:@std/internal@^1.0.8",
        "jsr:@std/path@^1.1.0"
      ]
    }
  },
  "npm": {
    "@types/node@18.16.19": {
      "integrity": "sha512-IXl7o+R9iti9eBW4Wg2hx1xQDig183jj7YLn8F7udNceyfkbn1ZxmzZXuak20gR40D7pIkIY1kYGx5VIGbaHKA=="
    },
    "fs-ext@2.0.0": {
      "integrity": "sha512-aK8NlpSO5LUdSoWeshpnkgtptbua1rGo58Wc+mHQ2+JnoBlubMTsnV56Swl4bA0msrgAhG8TDu1aGS8deJwzBQ==",
      "dependencies": [
        "nan"
      ],
      "scripts": true
    },
    "nan@2.22.2": {
      "integrity": "sha512-DANghxFkS1plDdRsX0X9pm0Z6SJNN6gBdtXfanwoZ8hooC5gosGFSBGRYHUVPz1asKA/kMRqDRdHrluZ61SpBQ=="
    }
  },
  "workspace": {
    "dependencies": [
      "jsr:@gnome/exec@0.6",
      "jsr:@std/assert@^1.0.13",
      "jsr:@std/testing@^1.0.14"
    ]
  }
}
